// !$*UTF8*$!
{
	archiveVersion = 1;
	classes = {
	};
	objectVersion = 46;
	objects = {

/* Begin PBXBuildFile section */
		3BE11C86144F60F900A96A44 /* UIKit.framework in Frameworks */ = {isa = PBXBuildFile; fileRef = 3BE11C85144F60F900A96A44 /* UIKit.framework */; };
		3BE11C88144F60F900A96A44 /* Foundation.framework in Frameworks */ = {isa = PBXBuildFile; fileRef = 3BE11C87144F60F900A96A44 /* Foundation.framework */; };
		3BE11C8A144F60F900A96A44 /* CoreGraphics.framework in Frameworks */ = {isa = PBXBuildFile; fileRef = 3BE11C89144F60F900A96A44 /* CoreGraphics.framework */; };
		3BE11C90144F60F900A96A44 /* InfoPlist.strings in Resources */ = {isa = PBXBuildFile; fileRef = 3BE11C8E144F60F900A96A44 /* InfoPlist.strings */; };
		3BE11C92144F60F900A96A44 /* main.m in Sources */ = {isa = PBXBuildFile; fileRef = 3BE11C91144F60F900A96A44 /* main.m */; };
		3BE11C96144F60F900A96A44 /* AppDelegate.m in Sources */ = {isa = PBXBuildFile; fileRef = 3BE11C95144F60F900A96A44 /* AppDelegate.m */; };
		3BE11C99144F60F900A96A44 /* ViewController.m in Sources */ = {isa = PBXBuildFile; fileRef = 3BE11C98144F60F900A96A44 /* ViewController.m */; };
		3BE11C9C144F60F900A96A44 /* ViewController_iPhone.xib in Resources */ = {isa = PBXBuildFile; fileRef = 3BE11C9A144F60F900A96A44 /* ViewController_iPhone.xib */; };
		3BE11C9F144F60F900A96A44 /* ViewController_iPad.xib in Resources */ = {isa = PBXBuildFile; fileRef = 3BE11C9D144F60F900A96A44 /* ViewController_iPad.xib */; };
		3BE11CA6144F616700A96A44 /* libsqlite3.dylib in Frameworks */ = {isa = PBXBuildFile; fileRef = 3BE11CA5144F616700A96A44 /* libsqlite3.dylib */; };
		3BE11CA8144F619900A96A44 /* myDB in Resources */ = {isa = PBXBuildFile; fileRef = 3BE11CA7144F619900A96A44 /* myDB */; };
		3BE11CB4144F64E100A96A44 /* Icon-72.png in Resources */ = {isa = PBXBuildFile; fileRef = 3BE11CAD144F64E100A96A44 /* Icon-72.png */; };
		3BE11CB5144F64E100A96A44 /* Icon-Small-50.png in Resources */ = {isa = PBXBuildFile; fileRef = 3BE11CAE144F64E100A96A44 /* Icon-Small-50.png */; };
		3BE11CB6144F64E100A96A44 /* Icon-Small.png in Resources */ = {isa = PBXBuildFile; fileRef = 3BE11CAF144F64E100A96A44 /* Icon-Small.png */; };
		3BE11CB7144F64E100A96A44 /* Icon-Small@2x.png in Resources */ = {isa = PBXBuildFile; fileRef = 3BE11CB0144F64E100A96A44 /* Icon-Small@2x.png */; };
		3BE11CB8144F64E100A96A44 /* Icon.png in Resources */ = {isa = PBXBuildFile; fileRef = 3BE11CB1144F64E100A96A44 /* Icon.png */; };
		3BE11CB9144F64E100A96A44 /* Icon@2x.png in Resources */ = {isa = PBXBuildFile; fileRef = 3BE11CB2144F64E100A96A44 /* Icon@2x.png */; };
		3BE11CBA144F64E100A96A44 /* iTunesArtwork in Resources */ = {isa = PBXBuildFile; fileRef = 3BE11CB3144F64E100A96A44 /* iTunesArtwork */; };
/* End PBXBuildFile section */

/* Begin PBXFileReference section */
		3BE11C81144F60F900A96A44 /* MDW-Guia-iOS06.app */ = {isa = PBXFileReference; explicitFileType = wrapper.application; includeInIndex = 0; path = "MDW-Guia-iOS06.app"; sourceTree = BUILT_PRODUCTS_DIR; };
		3BE11C85144F60F900A96A44 /* UIKit.framework */ = {isa = PBXFileReference; lastKnownFileType = wrapper.framework; name = UIKit.framework; path = System/Library/Frameworks/UIKit.framework; sourceTree = SDKROOT; };
		3BE11C87144F60F900A96A44 /* Foundation.framework */ = {isa = PBXFileReference; lastKnownFileType = wrapper.framework; name = Foundation.framework; path = System/Library/Frameworks/Foundation.framework; sourceTree = SDKROOT; };
		3BE11C89144F60F900A96A44 /* CoreGraphics.framework */ = {isa = PBXFileReference; lastKnownFileType = wrapper.framework; name = CoreGraphics.framework; path = System/Library/Frameworks/CoreGraphics.framework; sourceTree = SDKROOT; };
		3BE11C8D144F60F900A96A44 /* MDW-Guia-iOS06-Info.plist */ = {isa = PBXFileReference; lastKnownFileType = text.plist.xml; path = "MDW-Guia-iOS06-Info.plist"; sourceTree = "<group>"; };
		3BE11C8F144F60F900A96A44 /* en */ = {isa = PBXFileReference; lastKnownFileType = text.plist.strings; name = en; path = en.lproj/InfoPlist.strings; sourceTree = "<group>"; };
		3BE11C91144F60F900A96A44 /* main.m */ = {isa = PBXFileReference; lastKnownFileType = sourcecode.c.objc; path = main.m; sourceTree = "<group>"; };
		3BE11C93144F60F900A96A44 /* MDW-Guia-iOS06-Prefix.pch */ = {isa = PBXFileReference; lastKnownFileType = sourcecode.c.h; path = "MDW-Guia-iOS06-Prefix.pch"; sourceTree = "<group>"; };
		3BE11C94144F60F900A96A44 /* AppDelegate.h */ = {isa = PBXFileReference; lastKnownFileType = sourcecode.c.h; path = AppDelegate.h; sourceTree = "<group>"; };
		3BE11C95144F60F900A96A44 /* AppDelegate.m */ = {isa = PBXFileReference; lastKnownFileType = sourcecode.c.objc; path = AppDelegate.m; sourceTree = "<group>"; };
		3BE11C97144F60F900A96A44 /* ViewController.h */ = {isa = PBXFileReference; lastKnownFileType = sourcecode.c.h; path = ViewController.h; sourceTree = "<group>"; };
		3BE11C98144F60F900A96A44 /* ViewController.m */ = {isa = PBXFileReference; lastKnownFileType = sourcecode.c.objc; path = ViewController.m; sourceTree = "<group>"; };
		3BE11C9B144F60F900A96A44 /* en */ = {isa = PBXFileReference; lastKnownFileType = file.xib; name = en; path = en.lproj/ViewController_iPhone.xib; sourceTree = "<group>"; };
		3BE11C9E144F60F900A96A44 /* en */ = {isa = PBXFileReference; lastKnownFileType = file.xib; name = en; path = en.lproj/ViewController_iPad.xib; sourceTree = "<group>"; };
		3BE11CA5144F616700A96A44 /* libsqlite3.dylib */ = {isa = PBXFileReference; lastKnownFileType = "compiled.mach-o.dylib"; name = libsqlite3.dylib; path = usr/lib/libsqlite3.dylib; sourceTree = SDKROOT; };
		3BE11CA7144F619900A96A44 /* myDB */ = {isa = PBXFileReference; lastKnownFileType = file; name = myDB; path = "MDW-Guia-iOS06/myDB"; sourceTree = "<group>"; };
		3BE11CAD144F64E100A96A44 /* Icon-72.png */ = {isa = PBXFileReference; lastKnownFileType = image.png; path = "Icon-72.png"; sourceTree = "<group>"; };
		3BE11CAE144F64E100A96A44 /* Icon-Small-50.png */ = {isa = PBXFileReference; lastKnownFileType = image.png; path = "Icon-Small-50.png"; sourceTree = "<group>"; };
		3BE11CAF144F64E100A96A44 /* Icon-Small.png */ = {isa = PBXFileReference; lastKnownFileType = image.png; path = "Icon-Small.png"; sourceTree = "<group>"; };
		3BE11CB0144F64E100A96A44 /* Icon-Small@2x.png */ = {isa = PBXFileReference; lastKnownFileType = image.png; path = "Icon-Small@2x.png"; sourceTree = "<group>"; };
		3BE11CB1144F64E100A96A44 /* Icon.png */ = {isa = PBXFileReference; lastKnownFileType = image.png; path = Icon.png; sourceTree = "<group>"; };
		3BE11CB2144F64E100A96A44 /* Icon@2x.png */ = {isa = PBXFileReference; lastKnownFileType = image.png; path = "Icon@2x.png"; sourceTree = "<group>"; };
		3BE11CB3144F64E100A96A44 /* iTunesArtwork */ = {isa = PBXFileReference; lastKnownFileType = file; path = iTunesArtwork; sourceTree = "<group>"; };
/* End PBXFileReference section */

/* Begin PBXFrameworksBuildPhase section */
		3BE11C7E144F60F900A96A44 /* Frameworks */ = {
			isa = PBXFrameworksBuildPhase;
			buildActionMask = 2147483647;
			files = (
				3BE11CA6144F616700A96A44 /* libsqlite3.dylib in Frameworks */,
				3BE11C86144F60F900A96A44 /* UIKit.framework in Frameworks */,
				3BE11C88144F60F900A96A44 /* Foundation.framework in Frameworks */,
				3BE11C8A144F60F900A96A44 /* CoreGraphics.framework in Frameworks */,
			);
			runOnlyForDeploymentPostprocessing = 0;
		};
/* End PBXFrameworksBuildPhase section */

/* Begin PBXGroup section */
		3BE11C76144F60F900A96A44 = {
			isa = PBXGroup;
			children = (
				3BE11CA7144F619900A96A44 /* myDB */,
				3BE11CAC144F64E100A96A44 /* Iconos */,
				3BE11C8B144F60F900A96A44 /* MDW-Guia-iOS06 */,
				3BE11C84144F60F900A96A44 /* Frameworks */,
				3BE11C82144F60F900A96A44 /* Products */,
			);
			sourceTree = "<group>";
		};
		3BE11C82144F60F900A96A44 /* Products */ = {
			isa = PBXGroup;
			children = (
				3BE11C81144F60F900A96A44 /* MDW-Guia-iOS06.app */,
			);
			name = Products;
			sourceTree = "<group>";
		};
		3BE11C84144F60F900A96A44 /* Frameworks */ = {
			isa = PBXGroup;
			children = (
				3BE11CA5144F616700A96A44 /* libsqlite3.dylib */,
				3BE11C85144F60F900A96A44 /* UIKit.framework */,
				3BE11C87144F60F900A96A44 /* Foundation.framework */,
				3BE11C89144F60F900A96A44 /* CoreGraphics.framework */,
			);
			name = Frameworks;
			sourceTree = "<group>";
		};
		3BE11C8B144F60F900A96A44 /* MDW-Guia-iOS06 */ = {
			isa = PBXGroup;
			children = (
				3BE11C94144F60F900A96A44 /* AppDelegate.h */,
				3BE11C95144F60F900A96A44 /* AppDelegate.m */,
				3BE11C97144F60F900A96A44 /* ViewController.h */,
				3BE11C98144F60F900A96A44 /* ViewController.m */,
				3BE11C9A144F60F900A96A44 /* ViewController_iPhone.xib */,
				3BE11C9D144F60F900A96A44 /* ViewController_iPad.xib */,
				3BE11C8C144F60F900A96A44 /* Supporting Files */,
			);
			path = "MDW-Guia-iOS06";
			sourceTree = "<group>";
		};
		3BE11C8C144F60F900A96A44 /* Supporting Files */ = {
			isa = PBXGroup;
			children = (
				3BE11C8D144F60F900A96A44 /* MDW-Guia-iOS06-Info.plist */,
				3BE11C8E144F60F900A96A44 /* InfoPlist.strings */,
				3BE11C91144F60F900A96A44 /* main.m */,
				3BE11C93144F60F900A96A44 /* MDW-Guia-iOS06-Prefix.pch */,
			);
			name = "Supporting Files";
			sourceTree = "<group>";
		};
		3BE11CAC144F64E100A96A44 /* Iconos */ = {
			isa = PBXGroup;
			children = (
				3BE11CAD144F64E100A96A44 /* Icon-72.png */,
				3BE11CAE144F64E100A96A44 /* Icon-Small-50.png */,
				3BE11CAF144F64E100A96A44 /* Icon-Small.png */,
				3BE11CB0144F64E100A96A44 /* Icon-Small@2x.png */,
				3BE11CB1144F64E100A96A44 /* Icon.png */,
				3BE11CB2144F64E100A96A44 /* Icon@2x.png */,
				3BE11CB3144F64E100A96A44 /* iTunesArtwork */,
			);
			name = Iconos;
			path = "MDW-Guia-iOS06/Iconos";
			sourceTree = "<group>";
		};
/* End PBXGroup section */

/* Begin PBXNativeTarget section */
		3BE11C80144F60F900A96A44 /* MDW-Guia-iOS06 */ = {
			isa = PBXNativeTarget;
			buildConfigurationList = 3BE11CA2144F60F900A96A44 /* Build configuration list for PBXNativeTarget "MDW-Guia-iOS06" */;
			buildPhases = (
				3BE11C7D144F60F900A96A44 /* Sources */,
				3BE11C7E144F60F900A96A44 /* Frameworks */,
				3BE11C7F144F60F900A96A44 /* Resources */,
			);
			buildRules = (
			);
			dependencies = (
			);
			name = "MDW-Guia-iOS06";
			productName = "MDW-Guia-iOS06";
			productReference = 3BE11C81144F60F900A96A44 /* MDW-Guia-iOS06.app */;
			productType = "com.apple.product-type.application";
		};
/* End PBXNativeTarget section */

/* Begin PBXProject section */
		3BE11C78144F60F900A96A44 /* Project object */ = {
			isa = PBXProject;
			attributes = {
				LastUpgradeCheck = 0420;
				ORGANIZATIONNAME = "*";
			};
			buildConfigurationList = 3BE11C7B144F60F900A96A44 /* Build configuration list for PBXProject "MDW-Guia-iOS06" */;
			compatibilityVersion = "Xcode 3.2";
			developmentRegion = English;
			hasScannedForEncodings = 0;
			knownRegions = (
				en,
			);
			mainGroup = 3BE11C76144F60F900A96A44;
			productRefGroup = 3BE11C82144F60F900A96A44 /* Products */;
			projectDirPath = "";
			projectRoot = "";
			targets = (
				3BE11C80144F60F900A96A44 /* MDW-Guia-iOS06 */,
			);
		};
/* End PBXProject section */

/* Begin PBXResourcesBuildPhase section */
		3BE11C7F144F60F900A96A44 /* Resources */ = {
			isa = PBXResourcesBuildPhase;
			buildActionMask = 2147483647;
			files = (
				3BE11C90144F60F900A96A44 /* InfoPlist.strings in Resources */,
				3BE11C9C144F60F900A96A44 /* ViewController_iPhone.xib in Resources */,
				3BE11C9F144F60F900A96A44 /* ViewController_iPad.xib in Resources */,
				3BE11CA8144F619900A96A44 /* myDB in Resources */,
				3BE11CB4144F64E100A96A44 /* Icon-72.png in Resources */,
				3BE11CB5144F64E100A96A44 /* Icon-Small-50.png in Resources */,
				3BE11CB6144F64E100A96A44 /* Icon-Small.png in Resources */,
				3BE11CB7144F64E100A96A44 /* Icon-Small@2x.png in Resources */,
				3BE11CB8144F64E100A96A44 /* Icon.png in Resources */,
				3BE11CB9144F64E100A96A44 /* Icon@2x.png in Resources */,
				3BE11CBA144F64E100A96A44 /* iTunesArtwork in Resources */,
			);
			runOnlyForDeploymentPostprocessing = 0;
		};
/* End PBXResourcesBuildPhase section */

/* Begin PBXSourcesBuildPhase section */
		3BE11C7D144F60F900A96A44 /* Sources */ = {
			isa = PBXSourcesBuildPhase;
			buildActionMask = 2147483647;
			files = (
				3BE11C92144F60F900A96A44 /* main.m in Sources */,
				3BE11C96144F60F900A96A44 /* AppDelegate.m in Sources */,
				3BE11C99144F60F900A96A44 /* ViewController.m in Sources */,
			);
			runOnlyForDeploymentPostprocessing = 0;
		};
/* End PBXSourcesBuildPhase section */

/* Begin PBXVariantGroup section */
		3BE11C8E144F60F900A96A44 /* InfoPlist.strings */ = {
			isa = PBXVariantGroup;
			children = (
				3BE11C8F144F60F900A96A44 /* en */,
			);
			name = InfoPlist.strings;
			sourceTree = "<group>";
		};
		3BE11C9A144F60F900A96A44 /* ViewController_iPhone.xib */ = {
			isa = PBXVariantGroup;
			children = (
				3BE11C9B144F60F900A96A44 /* en */,
			);
			name = ViewController_iPhone.xib;
			sourceTree = "<group>";
		};
		3BE11C9D144F60F900A96A44 /* ViewController_iPad.xib */ = {
			isa = PBXVariantGroup;
			children = (
				3BE11C9E144F60F900A96A44 /* en */,
			);
			name = ViewController_iPad.xib;
			sourceTree = "<group>";
		};
/* End PBXVariantGroup section */

/* Begin XCBuildConfiguration section */
		3BE11CA0144F60F900A96A44 /* Debug */ = {
			isa = XCBuildConfiguration;
			buildSettings = {
				ALWAYS_SEARCH_USER_PATHS = NO;
				ARCHS = "$(ARCHS_STANDARD_32_BIT)";
				"CODE_SIGN_IDENTITY[sdk=iphoneos*]" = "iPhone Developer";
				COPY_PHASE_STRIP = NO;
				GCC_C_LANGUAGE_STANDARD = gnu99;
				GCC_DYNAMIC_NO_PIC = NO;
				GCC_OPTIMIZATION_LEVEL = 0;
				GCC_PREPROCESSOR_DEFINITIONS = (
					"DEBUG=1",
					"$(inherited)",
				);
				GCC_SYMBOLS_PRIVATE_EXTERN = NO;
				GCC_VERSION = com.apple.compilers.llvm.clang.1_0;
				GCC_WARN_ABOUT_MISSING_PROTOTYPES = YES;
				GCC_WARN_ABOUT_RETURN_TYPE = YES;
				GCC_WARN_UNUSED_VARIABLE = YES;
				IPHONEOS_DEPLOYMENT_TARGET = 5.0;
				SDKROOT = iphoneos;
				TARGETED_DEVICE_FAMILY = "1,2";
			};
			name = Debug;
		};
		3BE11CA1144F60F900A96A44 /* Release */ = {
			isa = XCBuildConfiguration;
			buildSettings = {
				ALWAYS_SEARCH_USER_PATHS = NO;
				ARCHS = "$(ARCHS_STANDARD_32_BIT)";
				"CODE_SIGN_IDENTITY[sdk=iphoneos*]" = "iPhone Developer";
				COPY_PHASE_STRIP = YES;
				GCC_C_LANGUAGE_STANDARD = gnu99;
				GCC_VERSION = com.apple.compilers.llvm.clang.1_0;
				GCC_WARN_ABOUT_MISSING_PROTOTYPES = YES;
				GCC_WARN_ABOUT_RETURN_TYPE = YES;
				GCC_WARN_UNUSED_VARIABLE = YES;
				IPHONEOS_DEPLOYMENT_TARGET = 5.0;
				OTHER_CFLAGS = "-DNS_BLOCK_ASSERTIONS=1";
				SDKROOT = iphoneos;
				TARGETED_DEVICE_FAMILY = "1,2";
				VALIDATE_PRODUCT = YES;
			};
			name = Release;
		};
		3BE11CA3144F60F900A96A44 /* Debug */ = {
			isa = XCBuildConfiguration;
			buildSettings = {
				GCC_PRECOMPILE_PREFIX_HEADER = YES;
				GCC_PREFIX_HEADER = "MDW-Guia-iOS06/MDW-Guia-iOS06-Prefix.pch";
				INFOPLIST_FILE = "MDW-Guia-iOS06/MDW-Guia-iOS06-Info.plist";
				PRODUCT_NAME = "$(TARGET_NAME)";
				WRAPPER_EXTENSION = app;
			};
			name = Debug;
		};
		3BE11CA4144F60F900A96A44 /* Release */ = {
			isa = XCBuildConfiguration;
			buildSettings = {
				GCC_PRECOMPILE_PREFIX_HEADER = YES;
				GCC_PREFIX_HEADER = "MDW-Guia-iOS06/MDW-Guia-iOS06-Prefix.pch";
				INFOPLIST_FILE = "MDW-Guia-iOS06/MDW-Guia-iOS06-Info.plist";
				PRODUCT_NAME = "$(TARGET_NAME)";
				WRAPPER_EXTENSION = app;
			};
			name = Release;
		};
/* End XCBuildConfiguration section */

/* Begin XCConfigurationList section */
		3BE11C7B144F60F900A96A44 /* Build configuration list for PBXProject "MDW-Guia-iOS06" */ = {
			isa = XCConfigurationList;
			buildConfigurations = (
				3BE11CA0144F60F900A96A44 /* Debug */,
				3BE11CA1144F60F900A96A44 /* Release */,
			);
			defaultConfigurationIsVisible = 0;
			defaultConfigurationName = Release;
		};
		3BE11CA2144F60F900A96A44 /* Build configuration list for PBXNativeTarget "MDW-Guia-iOS06" */ = {
			isa = XCConfigurationList;
			buildConfigurations = (
				3BE11CA3144F60F900A96A44 /* Debug */,
				3BE11CA4144F60F900A96A44 /* Release */,
			);
			defaultConfigurationIsVisible = 0;
		};
/* End XCConfigurationList section */
	};
	rootObject = 3BE11C78144F60F900A96A44 /* Project object */;
}
